
Microsoft Visual Studio Solution File, Format Version 12.00
# Visual Studio 2013
VisualStudioVersion = 12.0.21005.1
MinimumVisualStudioVersion = 10.0.40219.1
Project("{FAE04EC0-301F-11D3-BF4B-00C04F79EFBC}") = "GestionVuelos", "GestionVuelos\GestionVuelos.csproj", "{1D93C861-3CB0-4794-B038-C0341D5DFEB6}"
EndProject
Project("{FAE04EC0-301F-11D3-BF4B-00C04F79EFBC}") = "LogicaDatos", "LogicaDatos\LogicaDatos.csproj", "{FE9235BC-A70F-4BAE-BDBF-4667BA7D7C40}"
EndProject
Project("{FAE04EC0-301F-11D3-BF4B-00C04F79EFBC}") = "Entidades", "Entidades\Entidades.csproj", "{918BEBE6-8230-4E2F-A90A-9C18D3A8ABF0}"
EndProject
Global
	GlobalSection(SolutionConfigurationPlatforms) = preSolution
		Debug|Any CPU = Debug|Any CPU
		Release|Any CPU = Release|Any CPU
	EndGlobalSection
	GlobalSection(ProjectConfigurationPlatforms) = postSolution
		{1D93C861-3CB0-4794-B038-C0341D5DFEB6}.Debug|Any CPU.ActiveCfg = Debug|Any CPU
		{1D93C861-3CB0-4794-B038-C0341D5DFEB6}.Debug|Any CPU.Build.0 = Debug|Any CPU
		{1D93C861-3CB0-4794-B038-C0341D5DFEB6}.Release|Any CPU.ActiveCfg = Release|Any CPU
		{1D93C861-3CB0-4794-B038-C0341D5DFEB6}.Release|Any CPU.Build.0 = Release|Any CPU
		{FE9235BC-A70F-4BAE-BDBF-4667BA7D7C40}.Debug|Any CPU.ActiveCfg = Debug|Any CPU
		{FE9235BC-A70F-4BAE-BDBF-4667BA7D7C40}.Debug|Any CPU.Build.0 = Debug|Any CPU
		{FE9235BC-A70F-4BAE-BDBF-4667BA7D7C40}.Release|Any CPU.ActiveCfg = Release|Any CPU
		{FE9235BC-A70F-4BAE-BDBF-4667BA7D7C40}.Release|Any CPU.Build.0 = Release|Any CPU
		{918BEBE6-8230-4E2F-A90A-9C18D3A8ABF0}.Debug|Any CPU.ActiveCfg = Debug|Any CPU
		{918BEBE6-8230-4E2F-A90A-9C18D3A8ABF0}.Debug|Any CPU.Build.0 = Debug|Any CPU
		{918BEBE6-8230-4E2F-A90A-9C18D3A8ABF0}.Release|Any CPU.ActiveCfg = Release|Any CPU
		{918BEBE6-8230-4E2F-A90A-9C18D3A8ABF0}.Release|Any CPU.Build.0 = Release|Any CPU
	EndGlobalSection
	GlobalSection(SolutionProperties) = preSolution
		HideSolutionNode = FALSE
	EndGlobalSection
EndGlobal
